{
  "name": "jooby-swagger-ui",
  "version": "2.8.0",
  "lockfileVersion": 1,
  "requires": true,
  "dependencies": {
    "swagger-ui-dist": {
      "version": "3.44.0",
      "resolved": "https://registry.npmjs.org/swagger-ui-dist/-/swagger-ui-dist-3.44.0.tgz",
      "integrity": "sha512-xqz5rNDKexAEIYST50+Z4fUu7CbJVpALoRJdKOZfddQX+0hAjN9T9bVGRlI054gst62F8SqQAcS84tdcwmSe8A=="
    }
  }
}
