{
  "name": "jooby-swagger-ui",
  "version": "2.8.0",
  "lockfileVersion": 1,
  "requires": true,
  "dependencies": {
    "swagger-ui-dist": {
      "version": "3.45.1",
      "resolved": "https://registry.npmjs.org/swagger-ui-dist/-/swagger-ui-dist-3.45.1.tgz",
      "integrity": "sha512-QWotWWYkgSdPtI6HW12q4Ua5zxIhhvnYvx9iZKtDbZuVvJSTnMIzaHrE6KJVe/8plWh7Wpd/qqeBfpOxF8g1/g=="
    }
  }
}
