{
  "name": "jooby-swagger-ui",
  "version": "2.8.0",
  "lockfileVersion": 1,
  "requires": true,
  "dependencies": {
    "swagger-ui-dist": {
      "version": "3.25.3",
      "resolved": "https://registry.npmjs.org/swagger-ui-dist/-/swagger-ui-dist-3.25.3.tgz",
      "integrity": "sha512-/8DSx431mdN94t8mIZejhVUdN9r8zM+V1l+VGT0h7smrzYFa9vWi2sLVCg4YfgKgMjXYhU4OKADHPnWkbLb+ZQ=="
    }
  }
}
