{
  "name": "jooby-graphiql",
  "version": "2.4.0",
  "lockfileVersion": 1,
  "requires": true,
  "dependencies": {
    "argparse": {
      "version": "1.0.10",
      "resolved": "https://registry.npmjs.org/argparse/-/argparse-1.0.10.tgz",
      "integrity": "sha512-o5Roy6tNG4SL/FOkCAN6RzjiakZS25RLYFrcMttJqbdd8BWrnA+fGz57iN5Pb06pvBGvl5gQ0B48dJlslXvoTg==",
      "requires": {
        "sprintf-js": "~1.0.2"
      }
    },
    "codemirror": {
      "version": "5.59.1",
      "resolved": "https://registry.npmjs.org/codemirror/-/codemirror-5.59.1.tgz",
      "integrity": "sha512-d0SSW/PCCD4LoSCBPdnP0BzmZB1v3emomCUtVlIWgZHJ06yVeBOvBtOH7vYz707pfAvEeWbO9aP6akh8vl1V3w=="
    },
    "codemirror-graphql": {
      "version": "0.14.0",
      "resolved": "https://registry.npmjs.org/codemirror-graphql/-/codemirror-graphql-0.14.0.tgz",
      "integrity": "sha512-SqBkl9Sey92gEoOcMETqUYtFIpWzLnutcSp1GpLAzTIpgnTOq5p2HksNjndCVZ94hPDUJBteQOacVSoFYtEeqA==",
      "requires": {
        "graphql-language-service-interface": "^2.7.0",
        "graphql-language-service-parser": "^1.8.0"
      }
    },
    "copy-to-clipboard": {
      "version": "3.3.1",
      "resolved": "https://registry.npmjs.org/copy-to-clipboard/-/copy-to-clipboard-3.3.1.tgz",
      "integrity": "sha512-i13qo6kIHTTpCm8/Wup+0b1mVWETvu2kIMzKoK8FpkLkFxlt0znUAHcMzox+T8sPlqtZXq3CulEjQHsYiGFJUw==",
      "requires": {
        "toggle-selection": "^1.0.6"
      }
    },
    "entities": {
      "version": "2.1.0",
      "resolved": "https://registry.npmjs.org/entities/-/entities-2.1.0.tgz",
      "integrity": "sha512-hCx1oky9PFrJ611mf0ifBLBRW8lUUVRlFolb5gWRfIELabBlbp9xZvrqZLZAs+NxFnbfQoeGd8wDkygjg7U85w=="
    },
    "es6-promise": {
      "version": "4.2.8",
      "resolved": "https://registry.npmjs.org/es6-promise/-/es6-promise-4.2.8.tgz",
      "integrity": "sha512-HJDGx5daxeIvxdBxvG2cb9g4tEvwIk3i8+nhX0yGrYmZUzbkdg8QbDevheDB8gd0//uPj4c1EQua8Q+MViT0/w=="
    },
    "fetch-min": {
      "version": "1.0.0",
      "resolved": "https://registry.npmjs.org/fetch-min/-/fetch-min-1.0.0.tgz",
      "integrity": "sha1-sGjWAp8huVFHQi/T10i/lz0DbZM="
    },
    "graphiql": {
      "version": "1.2.2",
      "resolved": "https://registry.npmjs.org/graphiql/-/graphiql-1.2.2.tgz",
      "integrity": "sha512-DQKNCSCQvaiPlQwYN5St4IDSe+/kJFtVWjMa5pf/DaLyt8x+IApING7V45ZR7q9uv8XqocLpf8z8f/lnAgd71A==",
      "requires": {
        "codemirror": "^5.54.0",
        "codemirror-graphql": "^0.14.0",
        "copy-to-clipboard": "^3.2.0",
        "entities": "^2.0.0",
        "markdown-it": "^10.0.0"
      }
    },
    "graphql": {
      "version": "15.4.0",
      "resolved": "https://registry.npmjs.org/graphql/-/graphql-15.4.0.tgz",
      "integrity": "sha512-EB3zgGchcabbsU9cFe1j+yxdzKQKAbGUWRb13DsrsMN1yyfmmIq+2+L5MqVWcDCE4V89R5AyUOi7sMOGxdsYtA=="
    },
    "graphql-language-service-interface": {
      "version": "2.7.0",
      "resolved": "https://registry.npmjs.org/graphql-language-service-interface/-/graphql-language-service-interface-2.7.0.tgz",
      "integrity": "sha512-MpgKf2qnSP0Eg/sSabDAsqpT94q/XXl31p4A1jAWe0olY9UY9Y2oRznMDlBRq5I9h8elXmOr2blEMkMQRoZE2Q==",
      "requires": {
        "graphql-language-service-parser": "^1.8.0",
        "graphql-language-service-types": "^1.7.0",
        "graphql-language-service-utils": "^2.4.4",
        "vscode-languageserver-types": "^3.15.1"
      }
    },
    "graphql-language-service-parser": {
      "version": "1.8.0",
      "resolved": "https://registry.npmjs.org/graphql-language-service-parser/-/graphql-language-service-parser-1.8.0.tgz",
      "integrity": "sha512-nRVbp+DMAXD1FjUxNOvtU0ULT7yFYNHhcv/vhxNGPlidBNw4jDRJutXwa6zD5LUljTInj7G0Ph/GNIO7Euriow==",
      "requires": {
        "graphql-language-service-types": "^1.7.0"
      }
    },
    "graphql-language-service-types": {
      "version": "1.7.0",
      "resolved": "https://registry.npmjs.org/graphql-language-service-types/-/graphql-language-service-types-1.7.0.tgz",
      "integrity": "sha512-ljT9vns6X7cRDNVH71Ze8voOaw3fgeewLmAp0WI026Xoat6fjdKj5vymPW0G5BL9P12Kb3kDyGJbNkjGzRt3ZQ=="
    },
    "graphql-language-service-utils": {
      "version": "2.4.4",
      "resolved": "https://registry.npmjs.org/graphql-language-service-utils/-/graphql-language-service-utils-2.4.4.tgz",
      "integrity": "sha512-t/tilTFGYyFDLTesIUVTsVhZ3cL/jaS+awd2MGLIEX9wzSAXdsW0nCmH2/zY0COrpV1FoMZiKilEkfN8HwBhdA==",
      "requires": {
        "graphql-language-service-types": "^1.7.0"
      }
    },
    "js-tokens": {
      "version": "4.0.0",
      "resolved": "https://registry.npmjs.org/js-tokens/-/js-tokens-4.0.0.tgz",
      "integrity": "sha512-RdJUflcE3cUzKiMqQgsCu06FPu9UdIJO0beYbPhHN4k6apgJtifcoCtT9bcxOpYBtpD2kCM6Sbzg4CausW/PKQ=="
    },
    "linkify-it": {
      "version": "2.2.0",
      "resolved": "https://registry.npmjs.org/linkify-it/-/linkify-it-2.2.0.tgz",
      "integrity": "sha512-GnAl/knGn+i1U/wjBz3akz2stz+HrHLsxMwHQGofCDfPvlf+gDKN58UtfmUquTY4/MXeE2x7k19KQmeoZi94Iw==",
      "requires": {
        "uc.micro": "^1.0.1"
      }
    },
    "loose-envify": {
      "version": "1.4.0",
      "resolved": "https://registry.npmjs.org/loose-envify/-/loose-envify-1.4.0.tgz",
      "integrity": "sha512-lyuxPGr/Wfhrlem2CL/UcnUc1zcqKAImBDzukY7Y5F/yQiNdko6+fRLevlw1HgMySw7f611UIY408EtxRSoK3Q==",
      "requires": {
        "js-tokens": "^3.0.0 || ^4.0.0"
      }
    },
    "markdown-it": {
      "version": "10.0.0",
      "resolved": "https://registry.npmjs.org/markdown-it/-/markdown-it-10.0.0.tgz",
      "integrity": "sha512-YWOP1j7UbDNz+TumYP1kpwnP0aEa711cJjrAQrzd0UXlbJfc5aAq0F/PZHjiioqDC1NKgvIMX+o+9Bk7yuM2dg==",
      "requires": {
        "argparse": "^1.0.7",
        "entities": "~2.0.0",
        "linkify-it": "^2.0.0",
        "mdurl": "^1.0.1",
        "uc.micro": "^1.0.5"
      },
      "dependencies": {
        "entities": {
          "version": "2.0.3",
          "resolved": "https://registry.npmjs.org/entities/-/entities-2.0.3.tgz",
          "integrity": "sha512-MyoZ0jgnLvB2X3Lg5HqpFmn1kybDiIfEQmKzTb5apr51Rb+T3KdmMiqa70T+bhGnyv7bQ6WMj2QMHpGMmlrUYQ=="
        }
      }
    },
    "mdurl": {
      "version": "1.0.1",
      "resolved": "https://registry.npmjs.org/mdurl/-/mdurl-1.0.1.tgz",
      "integrity": "sha1-/oWy7HWlkDfyrf7BAP1sYBdhFS4="
    },
    "object-assign": {
      "version": "4.1.1",
      "resolved": "https://registry.npmjs.org/object-assign/-/object-assign-4.1.1.tgz",
      "integrity": "sha1-IQmtx5ZYh8/AXLvUQsrIv7s2CGM="
    },
    "prop-types": {
      "version": "15.7.2",
      "resolved": "https://registry.npmjs.org/prop-types/-/prop-types-15.7.2.tgz",
      "integrity": "sha512-8QQikdH7//R2vurIJSutZ1smHYTcLpRWEOlHnzcWHmBYrOGUysKwSsrC89BCiFj3CbrfJ/nXFdJepOVrY1GCHQ==",
      "requires": {
        "loose-envify": "^1.4.0",
        "object-assign": "^4.1.1",
        "react-is": "^16.8.1"
      }
    },
    "react": {
      "version": "16.14.0",
      "resolved": "https://registry.npmjs.org/react/-/react-16.14.0.tgz",
      "integrity": "sha512-0X2CImDkJGApiAlcf0ODKIneSwBPhqJawOa5wCtKbu7ZECrmS26NvtSILynQ66cgkT/RJ4LidJOc3bUESwmU8g==",
      "requires": {
        "loose-envify": "^1.1.0",
        "object-assign": "^4.1.1",
        "prop-types": "^15.6.2"
      }
    },
    "react-dom": {
      "version": "16.14.0",
      "resolved": "https://registry.npmjs.org/react-dom/-/react-dom-16.14.0.tgz",
      "integrity": "sha512-1gCeQXDLoIqMgqD3IO2Ah9bnf0w9kzhwN5q4FGnHZ67hBm9yePzB5JJAIQCc8x3pFnNlwFq4RidZggNAAkzWWw==",
      "requires": {
        "loose-envify": "^1.1.0",
        "object-assign": "^4.1.1",
        "prop-types": "^15.6.2",
        "scheduler": "^0.19.1"
      }
    },
    "react-is": {
      "version": "16.12.0",
      "resolved": "https://registry.npmjs.org/react-is/-/react-is-16.12.0.tgz",
      "integrity": "sha512-rPCkf/mWBtKc97aLL9/txD8DZdemK0vkA3JMLShjlJB3Pj3s+lpf1KaBzMfQrAmhMQB0n1cU/SUGgKKBCe837Q=="
    },
    "scheduler": {
      "version": "0.19.1",
      "resolved": "https://registry.npmjs.org/scheduler/-/scheduler-0.19.1.tgz",
      "integrity": "sha512-n/zwRWRYSUj0/3g/otKDRPMh6qv2SYMWNq85IEa8iZyAv8od9zDYpGSnpBEjNgcMNq6Scbu5KfIPxNF72R/2EA==",
      "requires": {
        "loose-envify": "^1.1.0",
        "object-assign": "^4.1.1"
      }
    },
    "sprintf-js": {
      "version": "1.0.3",
      "resolved": "https://registry.npmjs.org/sprintf-js/-/sprintf-js-1.0.3.tgz",
      "integrity": "sha1-BOaSb2YolTVPPdAVIDYzuFcpfiw="
    },
    "toggle-selection": {
      "version": "1.0.6",
      "resolved": "https://registry.npmjs.org/toggle-selection/-/toggle-selection-1.0.6.tgz",
      "integrity": "sha1-bkWxJj8gF/oKzH2J14sVuL932jI="
    },
    "uc.micro": {
      "version": "1.0.6",
      "resolved": "https://registry.npmjs.org/uc.micro/-/uc.micro-1.0.6.tgz",
      "integrity": "sha512-8Y75pvTYkLJW2hWQHXxoqRgV7qb9B+9vFEtidML+7koHUFapnVJAZ6cKs+Qjz5Aw3aZWHMC6u0wJE3At+nSGwA=="
    },
    "vscode-languageserver-types": {
      "version": "3.16.0",
      "resolved": "https://registry.npmjs.org/vscode-languageserver-types/-/vscode-languageserver-types-3.16.0.tgz",
      "integrity": "sha512-k8luDIWJWyenLc5ToFQQMaSrqCHiLwyKPHKPQZ5zz21vM+vIVUSvsRpcbiECH4WR88K2XZqc4ScRcZ7nk/jbeA=="
    }
  }
}
